
Microsoft Visual Studio Solution File, Format Version 12.00
# Visual Studio Version 16
VisualStudioVersion = 25.0.1706.0
MinimumVisualStudioVersion = 10.0.40219.1
Project("{FAE04EC0-301F-11D3-BF4B-00C04F79EFBC}") = "LibraryWebServer", "LibraryWebServer.csproj", "{6E43D4FB-36CB-438C-AE81-242CA5B1CE20}"
EndProject
Global
	GlobalSection(SolutionConfigurationPlatforms) = preSolution
		Debug|Any CPU = Debug|Any CPU
		Release|Any CPU = Release|Any CPU
	EndGlobalSection
	GlobalSection(ProjectConfigurationPlatforms) = postSolution
		{6E43D4FB-36CB-438C-AE81-242CA5B1CE20}.Debug|Any CPU.ActiveCfg = Debug|Any CPU
		{6E43D4FB-36CB-438C-AE81-242CA5B1CE20}.Debug|Any CPU.Build.0 = Debug|Any CPU
		{6E43D4FB-36CB-438C-AE81-242CA5B1CE20}.Release|Any CPU.ActiveCfg = Release|Any CPU
		{6E43D4FB-36CB-438C-AE81-242CA5B1CE20}.Release|Any CPU.Build.0 = Release|Any CPU
	EndGlobalSection
	GlobalSection(SolutionProperties) = preSolution
		HideSolutionNode = FALSE
	EndGlobalSection
	GlobalSection(ExtensibilityGlobals) = postSolution
		SolutionGuid = {839E8F0D-06C6-47E7-9AE8-84024CE0A8C4}
	EndGlobalSection
EndGlobal
